// !$*UTF8*$!
{
	archiveVersion = 1;
	classes = {
	};
	objectVersion = 55;
	objects = {

/* Begin PBXBuildFile section */
		24EAF3723A7F35BFCA1C1229 /* Pods_soineTests.framework in Frameworks */ = {isa = PBXBuildFile; fileRef = 8981182054219BFC14E4B428 /* Pods_soineTests.framework */; };
		4E2B583453DE95A491EAAF8C /* Pods_soine_soineUITests.framework in Frameworks */ = {isa = PBXBuildFile; fileRef = 1A7FE51060977A5E0C9FBAFE /* Pods_soine_soineUITests.framework */; };
		CF0C3677287C61A70047FF72 /* CategoryDataDisplay.swift in Sources */ = {isa = PBXBuildFile; fileRef = CF0C3676287C61A70047FF72 /* CategoryDataDisplay.swift */; };
		CF0FA1A3281D6AA80089586D /* TableViewCell_list.swift in Sources */ = {isa = PBXBuildFile; fileRef = CF0FA1A2281D6AA70089586D /* TableViewCell_list.swift */; };
		CF2530D428427A5A009570DD /* CategoryEditingViewController.swift in Sources */ = {isa = PBXBuildFile; fileRef = CF2530D328427A5A009570DD /* CategoryEditingViewController.swift */; };
		CF42F98828756BE100A0591A /* SoineData+CoreDataProperties.swift in Sources */ = {isa = PBXBuildFile; fileRef = CF42F98228756BE100A0591A /* SoineData+CoreDataProperties.swift */; };
		CF42F98928756BE100A0591A /* CategoryData+CoreDataClass.swift in Sources */ = {isa = PBXBuildFile; fileRef = CF42F98328756BE100A0591A /* CategoryData+CoreDataClass.swift */; };
		CF42F98A28756BE100A0591A /* VoiceData+CoreDataClass.swift in Sources */ = {isa = PBXBuildFile; fileRef = CF42F98428756BE100A0591A /* VoiceData+CoreDataClass.swift */; };
		CF42F98B28756BE100A0591A /* CategoryData+CoreDataProperties.swift in Sources */ = {isa = PBXBuildFile; fileRef = CF42F98528756BE100A0591A /* CategoryData+CoreDataProperties.swift */; };
		CF42F98C28756BE100A0591A /* VoiceData+CoreDataProperties.swift in Sources */ = {isa = PBXBuildFile; fileRef = CF42F98628756BE100A0591A /* VoiceData+CoreDataProperties.swift */; };
		CF42F98D28756BE100A0591A /* SoineData+CoreDataClass.swift in Sources */ = {isa = PBXBuildFile; fileRef = CF42F98728756BE100A0591A /* SoineData+CoreDataClass.swift */; };
		CF4DA6B02812EA580084B7E5 /* SettingsTableViewController.swift in Sources */ = {isa = PBXBuildFile; fileRef = CF4DA6AF2812EA580084B7E5 /* SettingsTableViewController.swift */; };
		CF4DA6B72812FC6C0084B7E5 /* Pods_soine.framework in Frameworks */ = {isa = PBXBuildFile; fileRef = 4E5D8506BB64AC045F4F4074 /* Pods_soine.framework */; };
		CF4DA6BA2813B3600084B7E5 /* Utilities.swift in Sources */ = {isa = PBXBuildFile; fileRef = CF4DA6B92813B3600084B7E5 /* Utilities.swift */; };
		CF4DA6C02813C7040084B7E5 /* Consts.swift in Sources */ = {isa = PBXBuildFile; fileRef = CF4DA6BF2813C7040084B7E5 /* Consts.swift */; };
		CF4DA6C22813D7870084B7E5 /* SoineViewController.swift in Sources */ = {isa = PBXBuildFile; fileRef = CF4DA6C12813D7870084B7E5 /* SoineViewController.swift */; };
		CF5151AB28438D65002BFF69 /* SettingCategoryViewController.swift in Sources */ = {isa = PBXBuildFile; fileRef = CF5151AA28438D65002BFF69 /* SettingCategoryViewController.swift */; };
		CF5151AD28439625002BFF69 /* Enums.swift in Sources */ = {isa = PBXBuildFile; fileRef = CF5151AC28439625002BFF69 /* Enums.swift */; };
		CF8F3D4328144A5000A47CF5 /* Extentions.swift in Sources */ = {isa = PBXBuildFile; fileRef = CF8F3D4228144A5000A47CF5 /* Extentions.swift */; };
		CF98A20E28755635002C8A5C /* GoogleService-Info.plist in Resources */ = {isa = PBXBuildFile; fileRef = CF98A20D28755635002C8A5C /* GoogleService-Info.plist */; };
		CF98A21028755FB1002C8A5C /* TableViewCell_list_ad.swift in Sources */ = {isa = PBXBuildFile; fileRef = CF98A20F28755FB1002C8A5C /* TableViewCell_list_ad.swift */; };
		CFA75EAB2876ABA600EA0B53 /* InfoPlist.strings in Resources */ = {isa = PBXBuildFile; fileRef = CFA75EAA2876ABA600EA0B53 /* InfoPlist.strings */; };
		CFD4CB5C2812DF4000D746B2 /* AppDelegate.swift in Sources */ = {isa = PBXBuildFile; fileRef = CFD4CB5B2812DF4000D746B2 /* AppDelegate.swift */; };
		CFD4CB5E2812DF4000D746B2 /* SceneDelegate.swift in Sources */ = {isa = PBXBuildFile; fileRef = CFD4CB5D2812DF4000D746B2 /* SceneDelegate.swift */; };
		CFD4CB602812DF4000D746B2 /* ViewController.swift in Sources */ = {isa = PBXBuildFile; fileRef = CFD4CB5F2812DF4000D746B2 /* ViewController.swift */; };
		CFD4CB632812DF4000D746B2 /* Main.storyboard in Resources */ = {isa = PBXBuildFile; fileRef = CFD4CB612812DF4000D746B2 /* Main.storyboard */; };
		CFD4CB662812DF4000D746B2 /* soine.xcdatamodeld in Sources */ = {isa = PBXBuildFile; fileRef = CFD4CB642812DF4000D746B2 /* soine.xcdatamodeld */; };
		CFD4CB682812DF4A00D746B2 /* Assets.xcassets in Resources */ = {isa = PBXBuildFile; fileRef = CFD4CB672812DF4A00D746B2 /* Assets.xcassets */; };
		CFD4CB6B2812DF4A00D746B2 /* LaunchScreen.storyboard in Resources */ = {isa = PBXBuildFile; fileRef = CFD4CB692812DF4A00D746B2 /* LaunchScreen.storyboard */; };
		CFD4CB762812DF4A00D746B2 /* soineTests.swift in Sources */ = {isa = PBXBuildFile; fileRef = CFD4CB752812DF4A00D746B2 /* soineTests.swift */; };
		CFD4CB802812DF4A00D746B2 /* soineUITests.swift in Sources */ = {isa = PBXBuildFile; fileRef = CFD4CB7F2812DF4A00D746B2 /* soineUITests.swift */; };
		CFD4CB822812DF4A00D746B2 /* soineUITestsLaunchTests.swift in Sources */ = {isa = PBXBuildFile; fileRef = CFD4CB812812DF4A00D746B2 /* soineUITestsLaunchTests.swift */; };
		CFDBCE28281ECDCC00445950 /* SoineData+CoreDataProperties.swift in Sources */ = {isa = PBXBuildFile; fileRef = CFDBCE26281ECDCC00445950 /* SoineData+CoreDataProperties.swift */; };
		CFDBCE29281ECDCC00445950 /* SoineData+CoreDataClass.swift in Sources */ = {isa = PBXBuildFile; fileRef = CFDBCE27281ECDCC00445950 /* SoineData+CoreDataClass.swift */; };
/* End PBXBuildFile section */

/* Begin PBXContainerItemProxy section */
		CFD4CB722812DF4A00D746B2 /* PBXContainerItemProxy */ = {
			isa = PBXContainerItemProxy;
			containerPortal = CFD4CB502812DF4000D746B2 /* Project object */;
			proxyType = 1;
			remoteGlobalIDString = CFD4CB572812DF4000D746B2;
			remoteInfo = soine;
		};
		CFD4CB7C2812DF4A00D746B2 /* PBXContainerItemProxy */ = {
			isa = PBXContainerItemProxy;
			containerPortal = CFD4CB502812DF4000D746B2 /* Project object */;
			proxyType = 1;
			remoteGlobalIDString = CFD4CB572812DF4000D746B2;
			remoteInfo = soine;
		};
/* End PBXContainerItemProxy section */

/* Begin PBXCopyFilesBuildPhase section */
		CF4DA6B62812FC610084B7E5 /* Embed Frameworks */ = {
			isa = PBXCopyFilesBuildPhase;
			buildActionMask = 2147483647;
			dstPath = "";
			dstSubfolderSpec = 10;
			files = (
			);
			name = "Embed Frameworks";
			runOnlyForDeploymentPostprocessing = 0;
		};
/* End PBXCopyFilesBuildPhase section */

/* Begin PBXFileReference section */
		0EC091222F351582BC5B2BDD /* Pods-soine.release.xcconfig */ = {isa = PBXFileReference; includeInIndex = 1; lastKnownFileType = text.xcconfig; name = "Pods-soine.release.xcconfig"; path = "Target Support Files/Pods-soine/Pods-soine.release.xcconfig"; sourceTree = "<group>"; };
		1A7FE51060977A5E0C9FBAFE /* Pods_soine_soineUITests.framework */ = {isa = PBXFileReference; explicitFileType = wrapper.framework; includeInIndex = 0; path = Pods_soine_soineUITests.framework; sourceTree = BUILT_PRODUCTS_DIR; };
		342C7F4AA7D1F7B06D082582 /* Pods-soine-soineUITests.debug.xcconfig */ = {isa = PBXFileReference; includeInIndex = 1; lastKnownFileType = text.xcconfig; name = "Pods-soine-soineUITests.debug.xcconfig"; path = "Target Support Files/Pods-soine-soineUITests/Pods-soine-soineUITests.debug.xcconfig"; sourceTree = "<group>"; };
		4E5D8506BB64AC045F4F4074 /* Pods_soine.framework */ = {isa = PBXFileReference; explicitFileType = wrapper.framework; includeInIndex = 0; path = Pods_soine.framework; sourceTree = BUILT_PRODUCTS_DIR; };
		4F28E4F1B1B68D83897B1FDC /* Pods-soine.debug.xcconfig */ = {isa = PBXFileReference; includeInIndex = 1; lastKnownFileType = text.xcconfig; name = "Pods-soine.debug.xcconfig"; path = "Target Support Files/Pods-soine/Pods-soine.debug.xcconfig"; sourceTree = "<group>"; };
		6740278FAC21400903195926 /* Pods-soineTests.release.xcconfig */ = {isa = PBXFileReference; includeInIndex = 1; lastKnownFileType = text.xcconfig; name = "Pods-soineTests.release.xcconfig"; path = "Target Support Files/Pods-soineTests/Pods-soineTests.release.xcconfig"; sourceTree = "<group>"; };
		8981182054219BFC14E4B428 /* Pods_soineTests.framework */ = {isa = PBXFileReference; explicitFileType = wrapper.framework; includeInIndex = 0; path = Pods_soineTests.framework; sourceTree = BUILT_PRODUCTS_DIR; };
		ACD1CB473C474C49A297E714 /* Pods-soine-soineUITests.release.xcconfig */ = {isa = PBXFileReference; includeInIndex = 1; lastKnownFileType = text.xcconfig; name = "Pods-soine-soineUITests.release.xcconfig"; path = "Target Support Files/Pods-soine-soineUITests/Pods-soine-soineUITests.release.xcconfig"; sourceTree = "<group>"; };
		CE65AD748C9251F6F308D146 /* Pods-soineTests.debug.xcconfig */ = {isa = PBXFileReference; includeInIndex = 1; lastKnownFileType = text.xcconfig; name = "Pods-soineTests.debug.xcconfig"; path = "Target Support Files/Pods-soineTests/Pods-soineTests.debug.xcconfig"; sourceTree = "<group>"; };
		CF0C3676287C61A70047FF72 /* CategoryDataDisplay.swift */ = {isa = PBXFileReference; lastKnownFileType = sourcecode.swift; path = CategoryDataDisplay.swift; sourceTree = "<group>"; };
		CF0FA1A2281D6AA70089586D /* TableViewCell_list.swift */ = {isa = PBXFileReference; lastKnownFileType = sourcecode.swift; path = TableViewCell_list.swift; sourceTree = "<group>"; };
		CF2530D328427A5A009570DD /* CategoryEditingViewController.swift */ = {isa = PBXFileReference; lastKnownFileType = sourcecode.swift; path = CategoryEditingViewController.swift; sourceTree = "<group>"; };
		CF42F98228756BE100A0591A /* SoineData+CoreDataProperties.swift */ = {isa = PBXFileReference; fileEncoding = 4; lastKnownFileType = sourcecode.swift; path = "SoineData+CoreDataProperties.swift"; sourceTree = "<group>"; };
		CF42F98328756BE100A0591A /* CategoryData+CoreDataClass.swift */ = {isa = PBXFileReference; fileEncoding = 4; lastKnownFileType = sourcecode.swift; path = "CategoryData+CoreDataClass.swift"; sourceTree = "<group>"; };
		CF42F98428756BE100A0591A /* VoiceData+CoreDataClass.swift */ = {isa = PBXFileReference; fileEncoding = 4; lastKnownFileType = sourcecode.swift; path = "VoiceData+CoreDataClass.swift"; sourceTree = "<group>"; };
		CF42F98528756BE100A0591A /* CategoryData+CoreDataProperties.swift */ = {isa = PBXFileReference; fileEncoding = 4; lastKnownFileType = sourcecode.swift; path = "CategoryData+CoreDataProperties.swift"; sourceTree = "<group>"; };
		CF42F98628756BE100A0591A /* VoiceData+CoreDataProperties.swift */ = {isa = PBXFileReference; fileEncoding = 4; lastKnownFileType = sourcecode.swift; path = "VoiceData+CoreDataProperties.swift"; sourceTree = "<group>"; };
		CF42F98728756BE100A0591A /* SoineData+CoreDataClass.swift */ = {isa = PBXFileReference; fileEncoding = 4; lastKnownFileType = sourcecode.swift; path = "SoineData+CoreDataClass.swift"; sourceTree = "<group>"; };
		CF4DA6AF2812EA580084B7E5 /* SettingsTableViewController.swift */ = {isa = PBXFileReference; fileEncoding = 4; lastKnownFileType = sourcecode.swift; path = SettingsTableViewController.swift; sourceTree = "<group>"; };
		CF4DA6B12812FA8E0084B7E5 /* ImagePicker.framework */ = {isa = PBXFileReference; explicitFileType = wrapper.framework; path = ImagePicker.framework; sourceTree = BUILT_PRODUCTS_DIR; };
		CF4DA6B32812FC610084B7E5 /* ImagePicker.framework */ = {isa = PBXFileReference; explicitFileType = wrapper.framework; path = ImagePicker.framework; sourceTree = BUILT_PRODUCTS_DIR; };
		CF4DA6B92813B3600084B7E5 /* Utilities.swift */ = {isa = PBXFileReference; lastKnownFileType = sourcecode.swift; path = Utilities.swift; sourceTree = "<group>"; };
		CF4DA6BF2813C7040084B7E5 /* Consts.swift */ = {isa = PBXFileReference; lastKnownFileType = sourcecode.swift; path = Consts.swift; sourceTree = "<group>"; };
		CF4DA6C12813D7870084B7E5 /* SoineViewController.swift */ = {isa = PBXFileReference; lastKnownFileType = sourcecode.swift; path = SoineViewController.swift; sourceTree = "<group>"; };
		CF5151AA28438D65002BFF69 /* SettingCategoryViewController.swift */ = {isa = PBXFileReference; lastKnownFileType = sourcecode.swift; path = SettingCategoryViewController.swift; sourceTree = "<group>"; };
		CF5151AC28439625002BFF69 /* Enums.swift */ = {isa = PBXFileReference; lastKnownFileType = sourcecode.swift; path = Enums.swift; sourceTree = "<group>"; };
		CF8F3D4228144A5000A47CF5 /* Extentions.swift */ = {isa = PBXFileReference; lastKnownFileType = sourcecode.swift; path = Extentions.swift; sourceTree = "<group>"; };
		CF98A20D28755635002C8A5C /* GoogleService-Info.plist */ = {isa = PBXFileReference; fileEncoding = 4; lastKnownFileType = text.plist.xml; path = "GoogleService-Info.plist"; sourceTree = "<group>"; };
		CF98A20F28755FB1002C8A5C /* TableViewCell_list_ad.swift */ = {isa = PBXFileReference; lastKnownFileType = sourcecode.swift; path = TableViewCell_list_ad.swift; sourceTree = "<group>"; };
		CFA75EAA2876ABA600EA0B53 /* InfoPlist.strings */ = {isa = PBXFileReference; lastKnownFileType = text.plist.strings; path = InfoPlist.strings; sourceTree = "<group>"; };
		CFD4CB582812DF4000D746B2 /* soine.app */ = {isa = PBXFileReference; explicitFileType = wrapper.application; includeInIndex = 0; path = soine.app; sourceTree = BUILT_PRODUCTS_DIR; };
		CFD4CB5B2812DF4000D746B2 /* AppDelegate.swift */ = {isa = PBXFileReference; lastKnownFileType = sourcecode.swift; path = AppDelegate.swift; sourceTree = "<group>"; };
		CFD4CB5D2812DF4000D746B2 /* SceneDelegate.swift */ = {isa = PBXFileReference; lastKnownFileType = sourcecode.swift; path = SceneDelegate.swift; sourceTree = "<group>"; };
		CFD4CB5F2812DF4000D746B2 /* ViewController.swift */ = {isa = PBXFileReference; lastKnownFileType = sourcecode.swift; path = ViewController.swift; sourceTree = "<group>"; };
		CFD4CB622812DF4000D746B2 /* Base */ = {isa = PBXFileReference; lastKnownFileType = file.storyboard; name = Base; path = Base.lproj/Main.storyboard; sourceTree = "<group>"; };
		CFD4CB652812DF4000D746B2 /* soine.xcdatamodel */ = {isa = PBXFileReference; lastKnownFileType = wrapper.xcdatamodel; path = soine.xcdatamodel; sourceTree = "<group>"; };
		CFD4CB672812DF4A00D746B2 /* Assets.xcassets */ = {isa = PBXFileReference; lastKnownFileType = folder.assetcatalog; path = Assets.xcassets; sourceTree = "<group>"; };
		CFD4CB6A2812DF4A00D746B2 /* Base */ = {isa = PBXFileReference; lastKnownFileType = file.storyboard; name = Base; path = Base.lproj/LaunchScreen.storyboard; sourceTree = "<group>"; };
		CFD4CB6C2812DF4A00D746B2 /* Info.plist */ = {isa = PBXFileReference; lastKnownFileType = text.plist.xml; path = Info.plist; sourceTree = "<group>"; };
		CFD4CB712812DF4A00D746B2 /* soineTests.xctest */ = {isa = PBXFileReference; explicitFileType = wrapper.cfbundle; includeInIndex = 0; path = soineTests.xctest; sourceTree = BUILT_PRODUCTS_DIR; };
		CFD4CB752812DF4A00D746B2 /* soineTests.swift */ = {isa = PBXFileReference; lastKnownFileType = sourcecode.swift; path = soineTests.swift; sourceTree = "<group>"; };
		CFD4CB7B2812DF4A00D746B2 /* soineUITests.xctest */ = {isa = PBXFileReference; explicitFileType = wrapper.cfbundle; includeInIndex = 0; path = soineUITests.xctest; sourceTree = BUILT_PRODUCTS_DIR; };
		CFD4CB7F2812DF4A00D746B2 /* soineUITests.swift */ = {isa = PBXFileReference; lastKnownFileType = sourcecode.swift; path = soineUITests.swift; sourceTree = "<group>"; };
		CFD4CB812812DF4A00D746B2 /* soineUITestsLaunchTests.swift */ = {isa = PBXFileReference; lastKnownFileType = sourcecode.swift; path = soineUITestsLaunchTests.swift; sourceTree = "<group>"; };
		CFDBCE26281ECDCC00445950 /* SoineData+CoreDataProperties.swift */ = {isa = PBXFileReference; fileEncoding = 4; lastKnownFileType = sourcecode.swift; path = "SoineData+CoreDataProperties.swift"; sourceTree = "<group>"; };
		CFDBCE27281ECDCC00445950 /* SoineData+CoreDataClass.swift */ = {isa = PBXFileReference; fileEncoding = 4; lastKnownFileType = sourcecode.swift; path = "SoineData+CoreDataClass.swift"; sourceTree = "<group>"; };
/* End PBXFileReference section */

/* Begin PBXFrameworksBuildPhase section */
		CFD4CB552812DF4000D746B2 /* Frameworks */ = {
			isa = PBXFrameworksBuildPhase;
			buildActionMask = 2147483647;
			files = (
				CF4DA6B72812FC6C0084B7E5 /* Pods_soine.framework in Frameworks */,
			);
			runOnlyForDeploymentPostprocessing = 0;
		};
		CFD4CB6E2812DF4A00D746B2 /* Frameworks */ = {
			isa = PBXFrameworksBuildPhase;
			buildActionMask = 2147483647;
			files = (
				24EAF3723A7F35BFCA1C1229 /* Pods_soineTests.framework in Frameworks */,
			);
			runOnlyForDeploymentPostprocessing = 0;
		};
		CFD4CB782812DF4A00D746B2 /* Frameworks */ = {
			isa = PBXFrameworksBuildPhase;
			buildActionMask = 2147483647;
			files = (
				4E2B583453DE95A491EAAF8C /* Pods_soine_soineUITests.framework in Frameworks */,
			);
			runOnlyForDeploymentPostprocessing = 0;
		};
/* End PBXFrameworksBuildPhase section */

/* Begin PBXGroup section */
		C3D96C624C849ADCDC50B07F /* Pods */ = {
			isa = PBXGroup;
			children = (
				4F28E4F1B1B68D83897B1FDC /* Pods-soine.debug.xcconfig */,
				0EC091222F351582BC5B2BDD /* Pods-soine.release.xcconfig */,
				342C7F4AA7D1F7B06D082582 /* Pods-soine-soineUITests.debug.xcconfig */,
				ACD1CB473C474C49A297E714 /* Pods-soine-soineUITests.release.xcconfig */,
				CE65AD748C9251F6F308D146 /* Pods-soineTests.debug.xcconfig */,
				6740278FAC21400903195926 /* Pods-soineTests.release.xcconfig */,
			);
			path = Pods;
			sourceTree = "<group>";
		};
		CF781D760258C361DC2C0543 /* Frameworks */ = {
			isa = PBXGroup;
			children = (
				CF4DA6B32812FC610084B7E5 /* ImagePicker.framework */,
				CF4DA6B12812FA8E0084B7E5 /* ImagePicker.framework */,
				4E5D8506BB64AC045F4F4074 /* Pods_soine.framework */,
				1A7FE51060977A5E0C9FBAFE /* Pods_soine_soineUITests.framework */,
				8981182054219BFC14E4B428 /* Pods_soineTests.framework */,
			);
			name = Frameworks;
			sourceTree = "<group>";
		};
		CFD4CB4F2812DF4000D746B2 = {
			isa = PBXGroup;
			children = (
				CF42F98328756BE100A0591A /* CategoryData+CoreDataClass.swift */,
				CF42F98528756BE100A0591A /* CategoryData+CoreDataProperties.swift */,
				CF42F98728756BE100A0591A /* SoineData+CoreDataClass.swift */,
				CF42F98228756BE100A0591A /* SoineData+CoreDataProperties.swift */,
				CF42F98428756BE100A0591A /* VoiceData+CoreDataClass.swift */,
				CF42F98628756BE100A0591A /* VoiceData+CoreDataProperties.swift */,
				CFD4CB5A2812DF4000D746B2 /* soine */,
				CFD4CB742812DF4A00D746B2 /* soineTests */,
				CFD4CB7E2812DF4A00D746B2 /* soineUITests */,
				CFD4CB592812DF4000D746B2 /* Products */,
				C3D96C624C849ADCDC50B07F /* Pods */,
				CF781D760258C361DC2C0543 /* Frameworks */,
			);
			sourceTree = "<group>";
		};
		CFD4CB592812DF4000D746B2 /* Products */ = {
			isa = PBXGroup;
			children = (
				CFD4CB582812DF4000D746B2 /* soine.app */,
				CFD4CB712812DF4A00D746B2 /* soineTests.xctest */,
				CFD4CB7B2812DF4A00D746B2 /* soineUITests.xctest */,
			);
			name = Products;
			sourceTree = "<group>";
		};
		CFD4CB5A2812DF4000D746B2 /* soine */ = {
			isa = PBXGroup;
			children = (
				CFD4CB5F2812DF4000D746B2 /* ViewController.swift */,
				CF4DA6AF2812EA580084B7E5 /* SettingsTableViewController.swift */,
				CF4DA6C12813D7870084B7E5 /* SoineViewController.swift */,
				CF2530D328427A5A009570DD /* CategoryEditingViewController.swift */,
				CF5151AA28438D65002BFF69 /* SettingCategoryViewController.swift */,
				CF0FA1A2281D6AA70089586D /* TableViewCell_list.swift */,
				CF98A20F28755FB1002C8A5C /* TableViewCell_list_ad.swift */,
				CFD4CB5B2812DF4000D746B2 /* AppDelegate.swift */,
				CFD4CB5D2812DF4000D746B2 /* SceneDelegate.swift */,
				CF4DA6B92813B3600084B7E5 /* Utilities.swift */,
				CF4DA6BF2813C7040084B7E5 /* Consts.swift */,
				CF8F3D4228144A5000A47CF5 /* Extentions.swift */,
				CF5151AC28439625002BFF69 /* Enums.swift */,
				CF0C3676287C61A70047FF72 /* CategoryDataDisplay.swift */,
				CFD4CB612812DF4000D746B2 /* Main.storyboard */,
				CFD4CB672812DF4A00D746B2 /* Assets.xcassets */,
				CF98A20D28755635002C8A5C /* GoogleService-Info.plist */,
				CFD4CB692812DF4A00D746B2 /* LaunchScreen.storyboard */,
				CFD4CB6C2812DF4A00D746B2 /* Info.plist */,
				CFD4CB642812DF4000D746B2 /* soine.xcdatamodeld */,
				CFA75EAA2876ABA600EA0B53 /* InfoPlist.strings */,
			);
			path = soine;
			sourceTree = "<group>";
		};
		CFD4CB742812DF4A00D746B2 /* soineTests */ = {
			isa = PBXGroup;
			children = (
				CFD4CB752812DF4A00D746B2 /* soineTests.swift */,
			);
			path = soineTests;
			sourceTree = "<group>";
		};
		CFD4CB7E2812DF4A00D746B2 /* soineUITests */ = {
			isa = PBXGroup;
			children = (
				CFD4CB7F2812DF4A00D746B2 /* soineUITests.swift */,
				CFD4CB812812DF4A00D746B2 /* soineUITestsLaunchTests.swift */,
			);
			path = soineUITests;
			sourceTree = "<group>";
		};
/* End PBXGroup section */

/* Begin PBXNativeTarget section */
		CFD4CB572812DF4000D746B2 /* soine */ = {
			isa = PBXNativeTarget;
			buildConfigurationList = CFD4CB852812DF4A00D746B2 /* Build configuration list for PBXNativeTarget "soine" */;
			buildPhases = (
				5E653A1427085917542D5798 /* [CP] Check Pods Manifest.lock */,
				CFD4CB542812DF4000D746B2 /* Sources */,
				CFD4CB552812DF4000D746B2 /* Frameworks */,
				CFD4CB562812DF4000D746B2 /* Resources */,
				CF4DA6B62812FC610084B7E5 /* Embed Frameworks */,
				D64F5A3E39F1B25A2B050690 /* [CP] Embed Pods Frameworks */,
			);
			buildRules = (
			);
			dependencies = (
			);
			name = soine;
			productName = soine;
			productReference = CFD4CB582812DF4000D746B2 /* soine.app */;
			productType = "com.apple.product-type.application";
		};
		CFD4CB702812DF4A00D746B2 /* soineTests */ = {
			isa = PBXNativeTarget;
			buildConfigurationList = CFD4CB882812DF4A00D746B2 /* Build configuration list for PBXNativeTarget "soineTests" */;
			buildPhases = (
				CF545257757A69EF31FF99AD /* [CP] Check Pods Manifest.lock */,
				CFD4CB6D2812DF4A00D746B2 /* Sources */,
				CFD4CB6E2812DF4A00D746B2 /* Frameworks */,
				CFD4CB6F2812DF4A00D746B2 /* Resources */,
			);
			buildRules = (
			);
			dependencies = (
				CFD4CB732812DF4A00D746B2 /* PBXTargetDependency */,
			);
			name = soineTests;
			productName = soineTests;
			productReference = CFD4CB712812DF4A00D746B2 /* soineTests.xctest */;
			productType = "com.apple.product-type.bundle.unit-test";
		};
		CFD4CB7A2812DF4A00D746B2 /* soineUITests */ = {
			isa = PBXNativeTarget;
			buildConfigurationList = CFD4CB8B2812DF4A00D746B2 /* Build configuration list for PBXNativeTarget "soineUITests" */;
			buildPhases = (
				0533184E00EA2833E45EED5F /* [CP] Check Pods Manifest.lock */,
				CFD4CB772812DF4A00D746B2 /* Sources */,
				CFD4CB782812DF4A00D746B2 /* Frameworks */,
				CFD4CB792812DF4A00D746B2 /* Resources */,
				B7392702294372A724D36733 /* [CP] Embed Pods Frameworks */,
			);
			buildRules = (
			);
			dependencies = (
				CFD4CB7D2812DF4A00D746B2 /* PBXTargetDependency */,
			);
			name = soineUITests;
			productName = soineUITests;
			productReference = CFD4CB7B2812DF4A00D746B2 /* soineUITests.xctest */;
			productType = "com.apple.product-type.bundle.ui-testing";
		};
/* End PBXNativeTarget section */

/* Begin PBXProject section */
		CFD4CB502812DF4000D746B2 /* Project object */ = {
			isa = PBXProject;
			attributes = {
				BuildIndependentTargetsInParallel = 1;
				LastSwiftUpdateCheck = 1330;
				LastUpgradeCheck = 1330;
				TargetAttributes = {
					CFD4CB572812DF4000D746B2 = {
						CreatedOnToolsVersion = 13.3;
					};
					CFD4CB702812DF4A00D746B2 = {
						CreatedOnToolsVersion = 13.3;
						TestTargetID = CFD4CB572812DF4000D746B2;
					};
					CFD4CB7A2812DF4A00D746B2 = {
						CreatedOnToolsVersion = 13.3;
						TestTargetID = CFD4CB572812DF4000D746B2;
					};
				};
			};
			buildConfigurationList = CFD4CB532812DF4000D746B2 /* Build configuration list for PBXProject "soine" */;
			compatibilityVersion = "Xcode 13.0";
			developmentRegion = en;
			hasScannedForEncodings = 0;
			knownRegions = (
				en,
				Base,
			);
			mainGroup = CFD4CB4F2812DF4000D746B2;
			productRefGroup = CFD4CB592812DF4000D746B2 /* Products */;
			projectDirPath = "";
			projectRoot = "";
			targets = (
				CFD4CB572812DF4000D746B2 /* soine */,
				CFD4CB702812DF4A00D746B2 /* soineTests */,
				CFD4CB7A2812DF4A00D746B2 /* soineUITests */,
			);
		};
/* End PBXProject section */

/* Begin PBXResourcesBuildPhase section */
		CFD4CB562812DF4000D746B2 /* Resources */ = {
			isa = PBXResourcesBuildPhase;
			buildActionMask = 2147483647;
			files = (
				CFD4CB6B2812DF4A00D746B2 /* LaunchScreen.storyboard in Resources */,
				CF98A20E28755635002C8A5C /* GoogleService-Info.plist in Resources */,
				CFD4CB682812DF4A00D746B2 /* Assets.xcassets in Resources */,
				CFD4CB632812DF4000D746B2 /* Main.storyboard in Resources */,
				CFA75EAB2876ABA600EA0B53 /* InfoPlist.strings in Resources */,
			);
			runOnlyForDeploymentPostprocessing = 0;
		};
		CFD4CB6F2812DF4A00D746B2 /* Resources */ = {
			isa = PBXResourcesBuildPhase;
			buildActionMask = 2147483647;
			files = (
			);
			runOnlyForDeploymentPostprocessing = 0;
		};
		CFD4CB792812DF4A00D746B2 /* Resources */ = {
			isa = PBXResourcesBuildPhase;
			buildActionMask = 2147483647;
			files = (
			);
			runOnlyForDeploymentPostprocessing = 0;
		};
/* End PBXResourcesBuildPhase section */

/* Begin PBXShellScriptBuildPhase section */
		0533184E00EA2833E45EED5F /* [CP] Check Pods Manifest.lock */ = {
			isa = PBXShellScriptBuildPhase;
			buildActionMask = 2147483647;
			files = (
			);
			inputFileListPaths = (
			);
			inputPaths = (
				"${PODS_PODFILE_DIR_PATH}/Podfile.lock",
				"${PODS_ROOT}/Manifest.lock",
			);
			name = "[CP] Check Pods Manifest.lock";
			outputFileListPaths = (
			);
			outputPaths = (
				"$(DERIVED_FILE_DIR)/Pods-soine-soineUITests-checkManifestLockResult.txt",
			);
			runOnlyForDeploymentPostprocessing = 0;
			shellPath = /bin/sh;
			shellScript = "diff \"${PODS_PODFILE_DIR_PATH}/Podfile.lock\" \"${PODS_ROOT}/Manifest.lock\" > /dev/null\nif [ $? != 0 ] ; then\n    # print error to STDERR\n    echo \"error: The sandbox is not in sync with the Podfile.lock. Run 'pod install' or update your CocoaPods installation.\" >&2\n    exit 1\nfi\n# This output is used by Xcode 'outputs' to avoid re-running this script phase.\necho \"SUCCESS\" > \"${SCRIPT_OUTPUT_FILE_0}\"\n";
			showEnvVarsInLog = 0;
		};
		5E653A1427085917542D5798 /* [CP] Check Pods Manifest.lock */ = {
			isa = PBXShellScriptBuildPhase;
			buildActionMask = 2147483647;
			files = (
			);
			inputFileListPaths = (
			);
			inputPaths = (
				"${PODS_PODFILE_DIR_PATH}/Podfile.lock",
				"${PODS_ROOT}/Manifest.lock",
			);
			name = "[CP] Check Pods Manifest.lock";
			outputFileListPaths = (
			);
			outputPaths = (
				"$(DERIVED_FILE_DIR)/Pods-soine-checkManifestLockResult.txt",
			);
			runOnlyForDeploymentPostprocessing = 0;
			shellPath = /bin/sh;
			shellScript = "diff \"${PODS_PODFILE_DIR_PATH}/Podfile.lock\" \"${PODS_ROOT}/Manifest.lock\" > /dev/null\nif [ $? != 0 ] ; then\n    # print error to STDERR\n    echo \"error: The sandbox is not in sync with the Podfile.lock. Run 'pod install' or update your CocoaPods installation.\" >&2\n    exit 1\nfi\n# This output is used by Xcode 'outputs' to avoid re-running this script phase.\necho \"SUCCESS\" > \"${SCRIPT_OUTPUT_FILE_0}\"\n";
			showEnvVarsInLog = 0;
		};
		B7392702294372A724D36733 /* [CP] Embed Pods Frameworks */ = {
			isa = PBXShellScriptBuildPhase;
			buildActionMask = 2147483647;
			files = (
			);
			inputFileListPaths = (
				"${PODS_ROOT}/Target Support Files/Pods-soine-soineUITests/Pods-soine-soineUITests-frameworks-${CONFIGURATION}-input-files.xcfilelist",
			);
			name = "[CP] Embed Pods Frameworks";
			outputFileListPaths = (
				"${PODS_ROOT}/Target Support Files/Pods-soine-soineUITests/Pods-soine-soineUITests-frameworks-${CONFIGURATION}-output-files.xcfilelist",
			);
			runOnlyForDeploymentPostprocessing = 0;
			shellPath = /bin/sh;
			shellScript = "\"${PODS_ROOT}/Target Support Files/Pods-soine-soineUITests/Pods-soine-soineUITests-frameworks.sh\"\n";
			showEnvVarsInLog = 0;
		};
		CF545257757A69EF31FF99AD /* [CP] Check Pods Manifest.lock */ = {
			isa = PBXShellScriptBuildPhase;
			buildActionMask = 2147483647;
			files = (
			);
			inputFileListPaths = (
			);
			inputPaths = (
				"${PODS_PODFILE_DIR_PATH}/Podfile.lock",
				"${PODS_ROOT}/Manifest.lock",
			);
			name = "[CP] Check Pods Manifest.lock";
			outputFileListPaths = (
			);
			outputPaths = (
				"$(DERIVED_FILE_DIR)/Pods-soineTests-checkManifestLockResult.txt",
			);
			runOnlyForDeploymentPostprocessing = 0;
			shellPath = /bin/sh;
			shellScript = "diff \"${PODS_PODFILE_DIR_PATH}/Podfile.lock\" \"${PODS_ROOT}/Manifest.lock\" > /dev/null\nif [ $? != 0 ] ; then\n    # print error to STDERR\n    echo \"error: The sandbox is not in sync with the Podfile.lock. Run 'pod install' or update your CocoaPods installation.\" >&2\n    exit 1\nfi\n# This output is used by Xcode 'outputs' to avoid re-running this script phase.\necho \"SUCCESS\" > \"${SCRIPT_OUTPUT_FILE_0}\"\n";
			showEnvVarsInLog = 0;
		};
		D64F5A3E39F1B25A2B050690 /* [CP] Embed Pods Frameworks */ = {
			isa = PBXShellScriptBuildPhase;
			buildActionMask = 2147483647;
			files = (
			);
			inputFileListPaths = (
				"${PODS_ROOT}/Target Support Files/Pods-soine/Pods-soine-frameworks-${CONFIGURATION}-input-files.xcfilelist",
			);
			name = "[CP] Embed Pods Frameworks";
			outputFileListPaths = (
				"${PODS_ROOT}/Target Support Files/Pods-soine/Pods-soine-frameworks-${CONFIGURATION}-output-files.xcfilelist",
			);
			runOnlyForDeploymentPostprocessing = 0;
			shellPath = /bin/sh;
			shellScript = "\"${PODS_ROOT}/Target Support Files/Pods-soine/Pods-soine-frameworks.sh\"\n";
			showEnvVarsInLog = 0;
		};
/* End PBXShellScriptBuildPhase section */

/* Begin PBXSourcesBuildPhase section */
		CFD4CB542812DF4000D746B2 /* Sources */ = {
			isa = PBXSourcesBuildPhase;
			buildActionMask = 2147483647;
			files = (
				CF2530D428427A5A009570DD /* CategoryEditingViewController.swift in Sources */,
				CF42F98C28756BE100A0591A /* VoiceData+CoreDataProperties.swift in Sources */,
				CF42F98828756BE100A0591A /* SoineData+CoreDataProperties.swift in Sources */,
				CF4DA6BA2813B3600084B7E5 /* Utilities.swift in Sources */,
				CF42F98A28756BE100A0591A /* VoiceData+CoreDataClass.swift in Sources */,
				CF98A21028755FB1002C8A5C /* TableViewCell_list_ad.swift in Sources */,
				CF42F98B28756BE100A0591A /* CategoryData+CoreDataProperties.swift in Sources */,
				CF8F3D4328144A5000A47CF5 /* Extentions.swift in Sources */,
				CF0C3677287C61A70047FF72 /* CategoryDataDisplay.swift in Sources */,
				CF42F98D28756BE100A0591A /* SoineData+CoreDataClass.swift in Sources */,
				CFD4CB662812DF4000D746B2 /* soine.xcdatamodeld in Sources */,
				CF4DA6B02812EA580084B7E5 /* SettingsTableViewController.swift in Sources */,
				CFDBCE29281ECDCC00445950 /* SoineData+CoreDataClass.swift in Sources */,
				CFD4CB602812DF4000D746B2 /* ViewController.swift in Sources */,
				CF0FA1A3281D6AA80089586D /* TableViewCell_list.swift in Sources */,
				CFD4CB5C2812DF4000D746B2 /* AppDelegate.swift in Sources */,
				CF4DA6C02813C7040084B7E5 /* Consts.swift in Sources */,
				CFD4CB5E2812DF4000D746B2 /* SceneDelegate.swift in Sources */,
				CF4DA6C22813D7870084B7E5 /* SoineViewController.swift in Sources */,
				CF5151AB28438D65002BFF69 /* SettingCategoryViewController.swift in Sources */,
				CF42F98928756BE100A0591A /* CategoryData+CoreDataClass.swift in Sources */,
				CF5151AD28439625002BFF69 /* Enums.swift in Sources */,
			);
			runOnlyForDeploymentPostprocessing = 0;
		};
		CFD4CB6D2812DF4A00D746B2 /* Sources */ = {
			isa = PBXSourcesBuildPhase;
			buildActionMask = 2147483647;
			files = (
				CFD4CB762812DF4A00D746B2 /* soineTests.swift in Sources */,
			);
			runOnlyForDeploymentPostprocessing = 0;
		};
		CFD4CB772812DF4A00D746B2 /* Sources */ = {
			isa = PBXSourcesBuildPhase;
			buildActionMask = 2147483647;
			files = (
				CFD4CB802812DF4A00D746B2 /* soineUITests.swift in Sources */,
				CFD4CB822812DF4A00D746B2 /* soineUITestsLaunchTests.swift in Sources */,
			);
			runOnlyForDeploymentPostprocessing = 0;
		};
/* End PBXSourcesBuildPhase section */

/* Begin PBXTargetDependency section */
		CFD4CB732812DF4A00D746B2 /* PBXTargetDependency */ = {
			isa = PBXTargetDependency;
			target = CFD4CB572812DF4000D746B2 /* soine */;
			targetProxy = CFD4CB722812DF4A00D746B2 /* PBXContainerItemProxy */;
		};
		CFD4CB7D2812DF4A00D746B2 /* PBXTargetDependency */ = {
			isa = PBXTargetDependency;
			target = CFD4CB572812DF4000D746B2 /* soine */;
			targetProxy = CFD4CB7C2812DF4A00D746B2 /* PBXContainerItemProxy */;
		};
/* End PBXTargetDependency section */

/* Begin PBXVariantGroup section */
		CFD4CB612812DF4000D746B2 /* Main.storyboard */ = {
			isa = PBXVariantGroup;
			children = (
				CFD4CB622812DF4000D746B2 /* Base */,
			);
			name = Main.storyboard;
			sourceTree = "<group>";
		};
		CFD4CB692812DF4A00D746B2 /* LaunchScreen.storyboard */ = {
			isa = PBXVariantGroup;
			children = (
				CFD4CB6A2812DF4A00D746B2 /* Base */,
			);
			name = LaunchScreen.storyboard;
			sourceTree = "<group>";
		};
/* End PBXVariantGroup section */

/* Begin XCBuildConfiguration section */
		CFD4CB832812DF4A00D746B2 /* Debug */ = {
			isa = XCBuildConfiguration;
			buildSettings = {
				ALWAYS_SEARCH_USER_PATHS = NO;
				CLANG_ANALYZER_NONNULL = YES;
				CLANG_ANALYZER_NUMBER_OBJECT_CONVERSION = YES_AGGRESSIVE;
				CLANG_CXX_LANGUAGE_STANDARD = "gnu++17";
				CLANG_ENABLE_MODULES = YES;
				CLANG_ENABLE_OBJC_ARC = YES;
				CLANG_ENABLE_OBJC_WEAK = YES;
				CLANG_WARN_BLOCK_CAPTURE_AUTORELEASING = YES;
				CLANG_WARN_BOOL_CONVERSION = YES;
				CLANG_WARN_COMMA = YES;
				CLANG_WARN_CONSTANT_CONVERSION = YES;
				CLANG_WARN_DEPRECATED_OBJC_IMPLEMENTATIONS = YES;
				CLANG_WARN_DIRECT_OBJC_ISA_USAGE = YES_ERROR;
				CLANG_WARN_DOCUMENTATION_COMMENTS = YES;
				CLANG_WARN_EMPTY_BODY = YES;
				CLANG_WARN_ENUM_CONVERSION = YES;
				CLANG_WARN_INFINITE_RECURSION = YES;
				CLANG_WARN_INT_CONVERSION = YES;
				CLANG_WARN_NON_LITERAL_NULL_CONVERSION = YES;
				CLANG_WARN_OBJC_IMPLICIT_RETAIN_SELF = YES;
				CLANG_WARN_OBJC_LITERAL_CONVERSION = YES;
				CLANG_WARN_OBJC_ROOT_CLASS = YES_ERROR;
				CLANG_WARN_QUOTED_INCLUDE_IN_FRAMEWORK_HEADER = YES;
				CLANG_WARN_RANGE_LOOP_ANALYSIS = YES;
				CLANG_WARN_STRICT_PROTOTYPES = YES;
				CLANG_WARN_SUSPICIOUS_MOVE = YES;
				CLANG_WARN_UNGUARDED_AVAILABILITY = YES_AGGRESSIVE;
				CLANG_WARN_UNREACHABLE_CODE = YES;
				CLANG_WARN__DUPLICATE_METHOD_MATCH = YES;
				COPY_PHASE_STRIP = NO;
				DEBUG_INFORMATION_FORMAT = dwarf;
				ENABLE_STRICT_OBJC_MSGSEND = YES;
				ENABLE_TESTABILITY = YES;
				GCC_C_LANGUAGE_STANDARD = gnu11;
				GCC_DYNAMIC_NO_PIC = NO;
				GCC_NO_COMMON_BLOCKS = YES;
				GCC_OPTIMIZATION_LEVEL = 0;
				GCC_PREPROCESSOR_DEFINITIONS = (
					"DEBUG=1",
					"$(inherited)",
				);
				GCC_WARN_64_TO_32_BIT_CONVERSION = YES;
				GCC_WARN_ABOUT_RETURN_TYPE = YES_ERROR;
				GCC_WARN_UNDECLARED_SELECTOR = YES;
				GCC_WARN_UNINITIALIZED_AUTOS = YES_AGGRESSIVE;
				GCC_WARN_UNUSED_FUNCTION = YES;
				GCC_WARN_UNUSED_VARIABLE = YES;
				IPHONEOS_DEPLOYMENT_TARGET = 15.3;
				MTL_ENABLE_DEBUG_INFO = INCLUDE_SOURCE;
				MTL_FAST_MATH = YES;
				ONLY_ACTIVE_ARCH = YES;
				SDKROOT = iphoneos;
				SWIFT_ACTIVE_COMPILATION_CONDITIONS = DEBUG;
				SWIFT_OPTIMIZATION_LEVEL = "-Onone";
			};
			name = Debug;
		};
		CFD4CB842812DF4A00D746B2 /* Release */ = {
			isa = XCBuildConfiguration;
			buildSettings = {
				ALWAYS_SEARCH_USER_PATHS = NO;
				CLANG_ANALYZER_NONNULL = YES;
				CLANG_ANALYZER_NUMBER_OBJECT_CONVERSION = YES_AGGRESSIVE;
				CLANG_CXX_LANGUAGE_STANDARD = "gnu++17";
				CLANG_ENABLE_MODULES = YES;
				CLANG_ENABLE_OBJC_ARC = YES;
				CLANG_ENABLE_OBJC_WEAK = YES;
				CLANG_WARN_BLOCK_CAPTURE_AUTORELEASING = YES;
				CLANG_WARN_BOOL_CONVERSION = YES;
				CLANG_WARN_COMMA = YES;
				CLANG_WARN_CONSTANT_CONVERSION = YES;
				CLANG_WARN_DEPRECATED_OBJC_IMPLEMENTATIONS = YES;
				CLANG_WARN_DIRECT_OBJC_ISA_USAGE = YES_ERROR;
				CLANG_WARN_DOCUMENTATION_COMMENTS = YES;
				CLANG_WARN_EMPTY_BODY = YES;
				CLANG_WARN_ENUM_CONVERSION = YES;
				CLANG_WARN_INFINITE_RECURSION = YES;
				CLANG_WARN_INT_CONVERSION = YES;
				CLANG_WARN_NON_LITERAL_NULL_CONVERSION = YES;
				CLANG_WARN_OBJC_IMPLICIT_RETAIN_SELF = YES;
				CLANG_WARN_OBJC_LITERAL_CONVERSION = YES;
				CLANG_WARN_OBJC_ROOT_CLASS = YES_ERROR;
				CLANG_WARN_QUOTED_INCLUDE_IN_FRAMEWORK_HEADER = YES;
				CLANG_WARN_RANGE_LOOP_ANALYSIS = YES;
				CLANG_WARN_STRICT_PROTOTYPES = YES;
				CLANG_WARN_SUSPICIOUS_MOVE = YES;
				CLANG_WARN_UNGUARDED_AVAILABILITY = YES_AGGRESSIVE;
				CLANG_WARN_UNREACHABLE_CODE = YES;
				CLANG_WARN__DUPLICATE_METHOD_MATCH = YES;
				COPY_PHASE_STRIP = NO;
				DEBUG_INFORMATION_FORMAT = "dwarf-with-dsym";
				ENABLE_NS_ASSERTIONS = NO;
				ENABLE_STRICT_OBJC_MSGSEND = YES;
				GCC_C_LANGUAGE_STANDARD = gnu11;
				GCC_NO_COMMON_BLOCKS = YES;
				GCC_WARN_64_TO_32_BIT_CONVERSION = YES;
				GCC_WARN_ABOUT_RETURN_TYPE = YES_ERROR;
				GCC_WARN_UNDECLARED_SELECTOR = YES;
				GCC_WARN_UNINITIALIZED_AUTOS = YES_AGGRESSIVE;
				GCC_WARN_UNUSED_FUNCTION = YES;
				GCC_WARN_UNUSED_VARIABLE = YES;
				IPHONEOS_DEPLOYMENT_TARGET = 15.3;
				MTL_ENABLE_DEBUG_INFO = NO;
				MTL_FAST_MATH = YES;
				SDKROOT = iphoneos;
				SWIFT_COMPILATION_MODE = wholemodule;
				SWIFT_OPTIMIZATION_LEVEL = "-O";
				VALIDATE_PRODUCT = YES;
			};
			name = Release;
		};
		CFD4CB862812DF4A00D746B2 /* Debug */ = {
			isa = XCBuildConfiguration;
			baseConfigurationReference = 4F28E4F1B1B68D83897B1FDC /* Pods-soine.debug.xcconfig */;
			buildSettings = {
				ASSETCATALOG_COMPILER_APPICON_NAME = AppIcon;
				ASSETCATALOG_COMPILER_GLOBAL_ACCENT_COLOR_NAME = AccentColor;
				CODE_SIGN_STYLE = Automatic;
				CURRENT_PROJECT_VERSION = 7;
				DEVELOPMENT_TEAM = 7H3WV46MCH;
				GENERATE_INFOPLIST_FILE = YES;
				INFOPLIST_FILE = soine/Info.plist;
				INFOPLIST_KEY_CFBundleDisplayName = "ボイス";
				INFOPLIST_KEY_NSPhotoLibraryUsageDescription = "Use images from the photo library to preview at the same time as the audio data";
				INFOPLIST_KEY_NSUserTrackingUsageDescription = "This identifier will be used to deliver personalized ads to you.";
				INFOPLIST_KEY_UIApplicationSupportsIndirectInputEvents = YES;
				INFOPLIST_KEY_UILaunchStoryboardName = LaunchScreen;
				INFOPLIST_KEY_UIMainStoryboardFile = Main;
				INFOPLIST_KEY_UISupportedInterfaceOrientations_iPad = "UIInterfaceOrientationPortrait UIInterfaceOrientationPortraitUpsideDown UIInterfaceOrientationLandscapeLeft UIInterfaceOrientationLandscapeRight";
				INFOPLIST_KEY_UISupportedInterfaceOrientations_iPhone = "UIInterfaceOrientationPortrait UIInterfaceOrientationLandscapeLeft UIInterfaceOrientationLandscapeRight";
				LD_RUNPATH_SEARCH_PATHS = (
					"$(inherited)",
					"@executable_path/Frameworks",
				);
				MARKETING_VERSION = 1.1;
				PRODUCT_BUNDLE_IDENTIFIER = com.kurachi.voiceList;
				PRODUCT_NAME = "$(TARGET_NAME)";
				SWIFT_EMIT_LOC_STRINGS = YES;
				SWIFT_VERSION = 5.0;
				TARGETED_DEVICE_FAMILY = 1;
			};
			name = Debug;
		};
		CFD4CB872812DF4A00D746B2 /* Release */ = {
			isa = XCBuildConfiguration;
			baseConfigurationReference = 0EC091222F351582BC5B2BDD /* Pods-soine.release.xcconfig */;
			buildSettings = {
				ASSETCATALOG_COMPILER_APPICON_NAME = AppIcon;
				ASSETCATALOG_COMPILER_GLOBAL_ACCENT_COLOR_NAME = AccentColor;
				CODE_SIGN_STYLE = Automatic;
				CURRENT_PROJECT_VERSION = 7;
				DEVELOPMENT_TEAM = 7H3WV46MCH;
				GENERATE_INFOPLIST_FILE = YES;
				INFOPLIST_FILE = soine/Info.plist;
				INFOPLIST_KEY_CFBundleDisplayName = "ボイス";
				INFOPLIST_KEY_NSPhotoLibraryUsageDescription = "Use images from the photo library to preview at the same time as the audio data";
				INFOPLIST_KEY_NSUserTrackingUsageDescription = "This identifier will be used to deliver personalized ads to you.";
				INFOPLIST_KEY_UIApplicationSupportsIndirectInputEvents = YES;
				INFOPLIST_KEY_UILaunchStoryboardName = LaunchScreen;
				INFOPLIST_KEY_UIMainStoryboardFile = Main;
				INFOPLIST_KEY_UISupportedInterfaceOrientations_iPad = "UIInterfaceOrientationPortrait UIInterfaceOrientationPortraitUpsideDown UIInterfaceOrientationLandscapeLeft UIInterfaceOrientationLandscapeRight";
				INFOPLIST_KEY_UISupportedInterfaceOrientations_iPhone = "UIInterfaceOrientationPortrait UIInterfaceOrientationLandscapeLeft UIInterfaceOrientationLandscapeRight";
				LD_RUNPATH_SEARCH_PATHS = (
					"$(inherited)",
					"@executable_path/Frameworks",
				);
				MARKETING_VERSION = 1.1;
				PRODUCT_BUNDLE_IDENTIFIER = com.kurachi.voiceList;
				PRODUCT_NAME = "$(TARGET_NAME)";
				SWIFT_EMIT_LOC_STRINGS = YES;
				SWIFT_VERSION = 5.0;
				TARGETED_DEVICE_FAMILY = 1;
			};
			name = Release;
		};
		CFD4CB892812DF4A00D746B2 /* Debug */ = {
			isa = XCBuildConfiguration;
			baseConfigurationReference = CE65AD748C9251F6F308D146 /* Pods-soineTests.debug.xcconfig */;
			buildSettings = {
				ALWAYS_EMBED_SWIFT_STANDARD_LIBRARIES = YES;
				BUNDLE_LOADER = "$(TEST_HOST)";
				CODE_SIGN_STYLE = Automatic;
				CURRENT_PROJECT_VERSION = 1;
				DEVELOPMENT_TEAM = 7H3WV46MCH;
				GENERATE_INFOPLIST_FILE = YES;
				IPHONEOS_DEPLOYMENT_TARGET = 15.4;
				MARKETING_VERSION = 1.0;
				PRODUCT_BUNDLE_IDENTIFIER = com.kurachi.soineTests;
				PRODUCT_NAME = "$(TARGET_NAME)";
				SWIFT_EMIT_LOC_STRINGS = NO;
				SWIFT_VERSION = 5.0;
				TARGETED_DEVICE_FAMILY = "1,2";
				TEST_HOST = "$(BUILT_PRODUCTS_DIR)/soine.app/soine";
			};
			name = Debug;
		};
		CFD4CB8A2812DF4A00D746B2 /* Release */ = {
			isa = XCBuildConfiguration;
			baseConfigurationReference = 6740278FAC21400903195926 /* Pods-soineTests.release.xcconfig */;
			buildSettings = {
				ALWAYS_EMBED_SWIFT_STANDARD_LIBRARIES = YES;
				BUNDLE_LOADER = "$(TEST_HOST)";
				CODE_SIGN_STYLE = Automatic;
				CURRENT_PROJECT_VERSION = 1;
				DEVELOPMENT_TEAM = 7H3WV46MCH;
				GENERATE_INFOPLIST_FILE = YES;
				IPHONEOS_DEPLOYMENT_TARGET = 15.4;
				MARKETING_VERSION = 1.0;
				PRODUCT_BUNDLE_IDENTIFIER = com.kurachi.soineTests;
				PRODUCT_NAME = "$(TARGET_NAME)";
				SWIFT_EMIT_LOC_STRINGS = NO;
				SWIFT_VERSION = 5.0;
				TARGETED_DEVICE_FAMILY = "1,2";
				TEST_HOST = "$(BUILT_PRODUCTS_DIR)/soine.app/soine";
			};
			name = Release;
		};
		CFD4CB8C2812DF4A00D746B2 /* Debug */ = {
			isa = XCBuildConfiguration;
			baseConfigurationReference = 342C7F4AA7D1F7B06D082582 /* Pods-soine-soineUITests.debug.xcconfig */;
			buildSettings = {
				ALWAYS_EMBED_SWIFT_STANDARD_LIBRARIES = YES;
				CODE_SIGN_STYLE = Automatic;
				CURRENT_PROJECT_VERSION = 1;
				DEVELOPMENT_TEAM = 7H3WV46MCH;
				GENERATE_INFOPLIST_FILE = YES;
				MARKETING_VERSION = 1.0;
				PRODUCT_BUNDLE_IDENTIFIER = com.kurachi.soineUITests;
				PRODUCT_NAME = "$(TARGET_NAME)";
				SWIFT_EMIT_LOC_STRINGS = NO;
				SWIFT_VERSION = 5.0;
				TARGETED_DEVICE_FAMILY = "1,2";
				TEST_TARGET_NAME = soine;
			};
			name = Debug;
		};
		CFD4CB8D2812DF4A00D746B2 /* Release */ = {
			isa = XCBuildConfiguration;
			baseConfigurationReference = ACD1CB473C474C49A297E714 /* Pods-soine-soineUITests.release.xcconfig */;
			buildSettings = {
				ALWAYS_EMBED_SWIFT_STANDARD_LIBRARIES = YES;
				CODE_SIGN_STYLE = Automatic;
				CURRENT_PROJECT_VERSION = 1;
				DEVELOPMENT_TEAM = 7H3WV46MCH;
				GENERATE_INFOPLIST_FILE = YES;
				MARKETING_VERSION = 1.0;
				PRODUCT_BUNDLE_IDENTIFIER = com.kurachi.soineUITests;
				PRODUCT_NAME = "$(TARGET_NAME)";
				SWIFT_EMIT_LOC_STRINGS = NO;
				SWIFT_VERSION = 5.0;
				TARGETED_DEVICE_FAMILY = "1,2";
				TEST_TARGET_NAME = soine;
			};
			name = Release;
		};
/* End XCBuildConfiguration section */

/* Begin XCConfigurationList section */
		CFD4CB532812DF4000D746B2 /* Build configuration list for PBXProject "soine" */ = {
			isa = XCConfigurationList;
			buildConfigurations = (
				CFD4CB832812DF4A00D746B2 /* Debug */,
				CFD4CB842812DF4A00D746B2 /* Release */,
			);
			defaultConfigurationIsVisible = 0;
			defaultConfigurationName = Release;
		};
		CFD4CB852812DF4A00D746B2 /* Build configuration list for PBXNativeTarget "soine" */ = {
			isa = XCConfigurationList;
			buildConfigurations = (
				CFD4CB862812DF4A00D746B2 /* Debug */,
				CFD4CB872812DF4A00D746B2 /* Release */,
			);
			defaultConfigurationIsVisible = 0;
			defaultConfigurationName = Release;
		};
		CFD4CB882812DF4A00D746B2 /* Build configuration list for PBXNativeTarget "soineTests" */ = {
			isa = XCConfigurationList;
			buildConfigurations = (
				CFD4CB892812DF4A00D746B2 /* Debug */,
				CFD4CB8A2812DF4A00D746B2 /* Release */,
			);
			defaultConfigurationIsVisible = 0;
			defaultConfigurationName = Release;
		};
		CFD4CB8B2812DF4A00D746B2 /* Build configuration list for PBXNativeTarget "soineUITests" */ = {
			isa = XCConfigurationList;
			buildConfigurations = (
				CFD4CB8C2812DF4A00D746B2 /* Debug */,
				CFD4CB8D2812DF4A00D746B2 /* Release */,
			);
			defaultConfigurationIsVisible = 0;
			defaultConfigurationName = Release;
		};
/* End XCConfigurationList section */

/* Begin XCVersionGroup section */
		CFD4CB642812DF4000D746B2 /* soine.xcdatamodeld */ = {
			isa = XCVersionGroup;
			children = (
				CFD4CB652812DF4000D746B2 /* soine.xcdatamodel */,
			);
			currentVersion = CFD4CB652812DF4000D746B2 /* soine.xcdatamodel */;
			path = soine.xcdatamodeld;
			sourceTree = "<group>";
			versionGroupType = wrapper.xcdatamodel;
		};
/* End XCVersionGroup section */
	};
	rootObject = CFD4CB502812DF4000D746B2 /* Project object */;
}
